// !$*UTF8*$!
{
	archiveVersion = 1;
	classes = {
	};
	objectVersion = 55;
	objects = {

/* Begin PBXBuildFile section */
		0324A5F828445BAF0076AA0D /* AppDelegate.swift in Sources */ = {isa = PBXBuildFile; fileRef = 0324A5F728445BAF0076AA0D /* AppDelegate.swift */; };
		0324A5FA28445BAF0076AA0D /* SceneDelegate.swift in Sources */ = {isa = PBXBuildFile; fileRef = 0324A5F928445BAF0076AA0D /* SceneDelegate.swift */; };
		0324A60128445BB10076AA0D /* Assets.xcassets in Resources */ = {isa = PBXBuildFile; fileRef = 0324A60028445BB10076AA0D /* Assets.xcassets */; };
		0324A60428445BB10076AA0D /* LaunchScreen.storyboard in Resources */ = {isa = PBXBuildFile; fileRef = 0324A60228445BB10076AA0D /* LaunchScreen.storyboard */; };
		0324A60D284463D20076AA0D /* HostingController.swift in Sources */ = {isa = PBXBuildFile; fileRef = 0324A60C284463D20076AA0D /* HostingController.swift */; };
		0324A60F284463F90076AA0D /* RootView.swift in Sources */ = {isa = PBXBuildFile; fileRef = 0324A60E284463F90076AA0D /* RootView.swift */; };
		0324A612284466410076AA0D /* Router.swift in Sources */ = {isa = PBXBuildFile; fileRef = 0324A611284466410076AA0D /* Router.swift */; };
		0324A6142844667D0076AA0D /* ViewModel.swift in Sources */ = {isa = PBXBuildFile; fileRef = 0324A6132844667D0076AA0D /* ViewModel.swift */; };
		0324A617284467420076AA0D /* Dependencies.swift in Sources */ = {isa = PBXBuildFile; fileRef = 0324A616284467420076AA0D /* Dependencies.swift */; };
		0324A619284467610076AA0D /* Service.swift in Sources */ = {isa = PBXBuildFile; fileRef = 0324A618284467610076AA0D /* Service.swift */; };
		0324A61C284467D10076AA0D /* RxSwift+UserDefaults.swift in Sources */ = {isa = PBXBuildFile; fileRef = 0324A61B284467D10076AA0D /* RxSwift+UserDefaults.swift */; };
		0324A62328446AAF0076AA0D /* LanguageService.swift in Sources */ = {isa = PBXBuildFile; fileRef = 0324A61F28446AAF0076AA0D /* LanguageService.swift */; };
		0324A62528446AAF0076AA0D /* APIRulesService.swift in Sources */ = {isa = PBXBuildFile; fileRef = 0324A62128446AAF0076AA0D /* APIRulesService.swift */; };
		0324A62828446B500076AA0D /* Rules.swift in Sources */ = {isa = PBXBuildFile; fileRef = 0324A62728446B500076AA0D /* Rules.swift */; };
		0324A62A28446B6C0076AA0D /* EndPoint+APIMethod+Request.swift in Sources */ = {isa = PBXBuildFile; fileRef = 0324A62928446B6C0076AA0D /* EndPoint+APIMethod+Request.swift */; };
		0324A62C284471AA0076AA0D /* NavigationController.swift in Sources */ = {isa = PBXBuildFile; fileRef = 0324A62B284471AA0076AA0D /* NavigationController.swift */; };
		0324A62E284474610076AA0D /* String+LocalizationParameters.swift in Sources */ = {isa = PBXBuildFile; fileRef = 0324A62D284474610076AA0D /* String+LocalizationParameters.swift */; };
		0324A630284474D60076AA0D /* UIFont+Style.swift in Sources */ = {isa = PBXBuildFile; fileRef = 0324A62F284474D60076AA0D /* UIFont+Style.swift */; };
		0324A633284475140076AA0D /* App+UIColor.swift in Sources */ = {isa = PBXBuildFile; fileRef = 0324A632284475140076AA0D /* App+UIColor.swift */; };
		0324A635284475370076AA0D /* String+CamelToKebab.swift in Sources */ = {isa = PBXBuildFile; fileRef = 0324A634284475370076AA0D /* String+CamelToKebab.swift */; };
		0324A6372844758D0076AA0D /* App+UIImage.swift in Sources */ = {isa = PBXBuildFile; fileRef = 0324A6362844758D0076AA0D /* App+UIImage.swift */; };
		0324A63A2844786B0076AA0D /* FontStyle.swift in Sources */ = {isa = PBXBuildFile; fileRef = 0324A6392844786B0076AA0D /* FontStyle.swift */; };
		0324A63C2844798E0076AA0D /* ViewProvider.swift in Sources */ = {isa = PBXBuildFile; fileRef = 0324A63B2844798E0076AA0D /* ViewProvider.swift */; };
		0324A64328447E680076AA0D /* en.strings in Resources */ = {isa = PBXBuildFile; fileRef = 0324A64228447E680076AA0D /* en.strings */; };
		0324A64828447EC10076AA0D /* InitialView.swift in Sources */ = {isa = PBXBuildFile; fileRef = 0324A64728447EC10076AA0D /* InitialView.swift */; };
		0324A64A28447ECC0076AA0D /* InitialViewModel.swift in Sources */ = {isa = PBXBuildFile; fileRef = 0324A64928447ECC0076AA0D /* InitialViewModel.swift */; };
		0324A64D284486970076AA0D /* TweetListView.swift in Sources */ = {isa = PBXBuildFile; fileRef = 0324A64C284486970076AA0D /* TweetListView.swift */; };
		0324A64F284486A20076AA0D /* TweetListViewModel.swift in Sources */ = {isa = PBXBuildFile; fileRef = 0324A64E284486A20076AA0D /* TweetListViewModel.swift */; };
		5CC8338C020FED53028F939F /* Pods_Live_Tweets.framework in Frameworks */ = {isa = PBXBuildFile; fileRef = 5A13E12EE24A6F44E75244C5 /* Pods_Live_Tweets.framework */; };
/* End PBXBuildFile section */

/* Begin PBXFileReference section */
		0324A5F428445BAF0076AA0D /* Live Tweets.app */ = {isa = PBXFileReference; explicitFileType = wrapper.application; includeInIndex = 0; path = "Live Tweets.app"; sourceTree = BUILT_PRODUCTS_DIR; };
		0324A5F728445BAF0076AA0D /* AppDelegate.swift */ = {isa = PBXFileReference; lastKnownFileType = sourcecode.swift; path = AppDelegate.swift; sourceTree = "<group>"; };
		0324A5F928445BAF0076AA0D /* SceneDelegate.swift */ = {isa = PBXFileReference; lastKnownFileType = sourcecode.swift; path = SceneDelegate.swift; sourceTree = "<group>"; };
		0324A60028445BB10076AA0D /* Assets.xcassets */ = {isa = PBXFileReference; lastKnownFileType = folder.assetcatalog; path = Assets.xcassets; sourceTree = "<group>"; };
		0324A60328445BB10076AA0D /* Base */ = {isa = PBXFileReference; lastKnownFileType = file.storyboard; name = Base; path = Base.lproj/LaunchScreen.storyboard; sourceTree = "<group>"; };
		0324A60528445BB10076AA0D /* Info.plist */ = {isa = PBXFileReference; lastKnownFileType = text.plist.xml; path = Info.plist; sourceTree = "<group>"; };
		0324A60C284463D20076AA0D /* HostingController.swift */ = {isa = PBXFileReference; lastKnownFileType = sourcecode.swift; path = HostingController.swift; sourceTree = "<group>"; };
		0324A60E284463F90076AA0D /* RootView.swift */ = {isa = PBXFileReference; lastKnownFileType = sourcecode.swift; path = RootView.swift; sourceTree = "<group>"; };
		0324A611284466410076AA0D /* Router.swift */ = {isa = PBXFileReference; lastKnownFileType = sourcecode.swift; path = Router.swift; sourceTree = "<group>"; };
		0324A6132844667D0076AA0D /* ViewModel.swift */ = {isa = PBXFileReference; lastKnownFileType = sourcecode.swift; path = ViewModel.swift; sourceTree = "<group>"; };
		0324A616284467420076AA0D /* Dependencies.swift */ = {isa = PBXFileReference; lastKnownFileType = sourcecode.swift; path = Dependencies.swift; sourceTree = "<group>"; };
		0324A618284467610076AA0D /* Service.swift */ = {isa = PBXFileReference; lastKnownFileType = sourcecode.swift; path = Service.swift; sourceTree = "<group>"; };
		0324A61B284467D10076AA0D /* RxSwift+UserDefaults.swift */ = {isa = PBXFileReference; lastKnownFileType = sourcecode.swift; path = "RxSwift+UserDefaults.swift"; sourceTree = "<group>"; };
		0324A61F28446AAF0076AA0D /* LanguageService.swift */ = {isa = PBXFileReference; fileEncoding = 4; lastKnownFileType = sourcecode.swift; path = LanguageService.swift; sourceTree = "<group>"; };
		0324A62128446AAF0076AA0D /* APIRulesService.swift */ = {isa = PBXFileReference; fileEncoding = 4; lastKnownFileType = sourcecode.swift; path = APIRulesService.swift; sourceTree = "<group>"; };
		0324A62728446B500076AA0D /* Rules.swift */ = {isa = PBXFileReference; fileEncoding = 4; lastKnownFileType = sourcecode.swift; path = Rules.swift; sourceTree = "<group>"; };
		0324A62928446B6C0076AA0D /* EndPoint+APIMethod+Request.swift */ = {isa = PBXFileReference; fileEncoding = 4; lastKnownFileType = sourcecode.swift; path = "EndPoint+APIMethod+Request.swift"; sourceTree = "<group>"; };
		0324A62B284471AA0076AA0D /* NavigationController.swift */ = {isa = PBXFileReference; lastKnownFileType = sourcecode.swift; path = NavigationController.swift; sourceTree = "<group>"; };
		0324A62D284474610076AA0D /* String+LocalizationParameters.swift */ = {isa = PBXFileReference; lastKnownFileType = sourcecode.swift; path = "String+LocalizationParameters.swift"; sourceTree = "<group>"; };
		0324A62F284474D60076AA0D /* UIFont+Style.swift */ = {isa = PBXFileReference; lastKnownFileType = sourcecode.swift; path = "UIFont+Style.swift"; sourceTree = "<group>"; };
		0324A632284475140076AA0D /* App+UIColor.swift */ = {isa = PBXFileReference; lastKnownFileType = sourcecode.swift; path = "App+UIColor.swift"; sourceTree = "<group>"; };
		0324A634284475370076AA0D /* String+CamelToKebab.swift */ = {isa = PBXFileReference; lastKnownFileType = sourcecode.swift; path = "String+CamelToKebab.swift"; sourceTree = "<group>"; };
		0324A6362844758D0076AA0D /* App+UIImage.swift */ = {isa = PBXFileReference; lastKnownFileType = sourcecode.swift; path = "App+UIImage.swift"; sourceTree = "<group>"; };
		0324A6392844786B0076AA0D /* FontStyle.swift */ = {isa = PBXFileReference; lastKnownFileType = sourcecode.swift; path = FontStyle.swift; sourceTree = "<group>"; };
		0324A63B2844798E0076AA0D /* ViewProvider.swift */ = {isa = PBXFileReference; lastKnownFileType = sourcecode.swift; path = ViewProvider.swift; sourceTree = "<group>"; };
		0324A63F28447A970076AA0D /* Main.template.xcconfig */ = {isa = PBXFileReference; lastKnownFileType = text.xcconfig; path = Main.template.xcconfig; sourceTree = "<group>"; };
		0324A64028447AA40076AA0D /* Main.xcconfig */ = {isa = PBXFileReference; lastKnownFileType = text.xcconfig; path = Main.xcconfig; sourceTree = "<group>"; };
		0324A64228447E680076AA0D /* en.strings */ = {isa = PBXFileReference; lastKnownFileType = text.plist.strings; path = en.strings; sourceTree = "<group>"; };
		0324A64728447EC10076AA0D /* InitialView.swift */ = {isa = PBXFileReference; lastKnownFileType = sourcecode.swift; path = InitialView.swift; sourceTree = "<group>"; };
		0324A64928447ECC0076AA0D /* InitialViewModel.swift */ = {isa = PBXFileReference; lastKnownFileType = sourcecode.swift; path = InitialViewModel.swift; sourceTree = "<group>"; };
		0324A64C284486970076AA0D /* TweetListView.swift */ = {isa = PBXFileReference; lastKnownFileType = sourcecode.swift; path = TweetListView.swift; sourceTree = "<group>"; };
		0324A64E284486A20076AA0D /* TweetListViewModel.swift */ = {isa = PBXFileReference; lastKnownFileType = sourcecode.swift; path = TweetListViewModel.swift; sourceTree = "<group>"; };
		5A13E12EE24A6F44E75244C5 /* Pods_Live_Tweets.framework */ = {isa = PBXFileReference; explicitFileType = wrapper.framework; includeInIndex = 0; path = Pods_Live_Tweets.framework; sourceTree = BUILT_PRODUCTS_DIR; };
		A6E5EF40AB1F29A4CD238163 /* Pods-Live Tweets.release.xcconfig */ = {isa = PBXFileReference; includeInIndex = 1; lastKnownFileType = text.xcconfig; name = "Pods-Live Tweets.release.xcconfig"; path = "Target Support Files/Pods-Live Tweets/Pods-Live Tweets.release.xcconfig"; sourceTree = "<group>"; };
		DD7FC5375B24AC017C725293 /* Pods-Live Tweets.debug.xcconfig */ = {isa = PBXFileReference; includeInIndex = 1; lastKnownFileType = text.xcconfig; name = "Pods-Live Tweets.debug.xcconfig"; path = "Target Support Files/Pods-Live Tweets/Pods-Live Tweets.debug.xcconfig"; sourceTree = "<group>"; };
/* End PBXFileReference section */

/* Begin PBXFrameworksBuildPhase section */
		0324A5F128445BAF0076AA0D /* Frameworks */ = {
			isa = PBXFrameworksBuildPhase;
			buildActionMask = 2147483647;
			files = (
				5CC8338C020FED53028F939F /* Pods_Live_Tweets.framework in Frameworks */,
			);
			runOnlyForDeploymentPostprocessing = 0;
		};
/* End PBXFrameworksBuildPhase section */

/* Begin PBXGroup section */
		0324A5EB28445BAE0076AA0D = {
			isa = PBXGroup;
			children = (
				0324A5F628445BAF0076AA0D /* Live Tweets */,
				0324A5F528445BAF0076AA0D /* Products */,
				C8BB424E5D4A3F1ECA44165C /* Pods */,
				73453E0B29BBFE1346E5137C /* Frameworks */,
			);
			sourceTree = "<group>";
		};
		0324A5F528445BAF0076AA0D /* Products */ = {
			isa = PBXGroup;
			children = (
				0324A5F428445BAF0076AA0D /* Live Tweets.app */,
			);
			name = Products;
			sourceTree = "<group>";
		};
		0324A5F628445BAF0076AA0D /* Live Tweets */ = {
			isa = PBXGroup;
			children = (
				0324A64428447EA00076AA0D /* UI */,
				0324A63D28447A660076AA0D /* Resources */,
				0324A6382844763C0076AA0D /* Base UI */,
				0324A62628446B470076AA0D /* Models */,
				0324A61D28446A940076AA0D /* Services */,
				0324A61A284467BD0076AA0D /* Helpers */,
				0324A615284467220076AA0D /* Dependecy Injection */,
				0324A60B284463BF0076AA0D /* Router */,
				0324A5F728445BAF0076AA0D /* AppDelegate.swift */,
				0324A5F928445BAF0076AA0D /* SceneDelegate.swift */,
				0324A60228445BB10076AA0D /* LaunchScreen.storyboard */,
				0324A60528445BB10076AA0D /* Info.plist */,
			);
			path = "Live Tweets";
			sourceTree = "<group>";
		};
		0324A60B284463BF0076AA0D /* Router */ = {
			isa = PBXGroup;
			children = (
				0324A60C284463D20076AA0D /* HostingController.swift */,
				0324A60E284463F90076AA0D /* RootView.swift */,
				0324A611284466410076AA0D /* Router.swift */,
				0324A6132844667D0076AA0D /* ViewModel.swift */,
				0324A618284467610076AA0D /* Service.swift */,
				0324A62B284471AA0076AA0D /* NavigationController.swift */,
			);
			path = Router;
			sourceTree = "<group>";
		};
		0324A615284467220076AA0D /* Dependecy Injection */ = {
			isa = PBXGroup;
			children = (
				0324A616284467420076AA0D /* Dependencies.swift */,
				0324A63B2844798E0076AA0D /* ViewProvider.swift */,
			);
			path = "Dependecy Injection";
			sourceTree = "<group>";
		};
		0324A61A284467BD0076AA0D /* Helpers */ = {
			isa = PBXGroup;
			children = (
				0324A631284475070076AA0D /* UI */,
				0324A62928446B6C0076AA0D /* EndPoint+APIMethod+Request.swift */,
				0324A61B284467D10076AA0D /* RxSwift+UserDefaults.swift */,
				0324A62D284474610076AA0D /* String+LocalizationParameters.swift */,
				0324A634284475370076AA0D /* String+CamelToKebab.swift */,
			);
			path = Helpers;
			sourceTree = "<group>";
		};
		0324A61D28446A940076AA0D /* Services */ = {
			isa = PBXGroup;
			children = (
				0324A62128446AAF0076AA0D /* APIRulesService.swift */,
				0324A61F28446AAF0076AA0D /* LanguageService.swift */,
			);
			path = Services;
			sourceTree = "<group>";
		};
		0324A62628446B470076AA0D /* Models */ = {
			isa = PBXGroup;
			children = (
				0324A62728446B500076AA0D /* Rules.swift */,
			);
			path = Models;
			sourceTree = "<group>";
		};
		0324A631284475070076AA0D /* UI */ = {
			isa = PBXGroup;
			children = (
				0324A62F284474D60076AA0D /* UIFont+Style.swift */,
				0324A632284475140076AA0D /* App+UIColor.swift */,
				0324A6362844758D0076AA0D /* App+UIImage.swift */,
			);
			path = UI;
			sourceTree = "<group>";
		};
		0324A6382844763C0076AA0D /* Base UI */ = {
			isa = PBXGroup;
			children = (
				0324A6392844786B0076AA0D /* FontStyle.swift */,
			);
			path = "Base UI";
			sourceTree = "<group>";
		};
		0324A63D28447A660076AA0D /* Resources */ = {
			isa = PBXGroup;
			children = (
				0324A64128447E570076AA0D /* Localization */,
				0324A63E28447A720076AA0D /* Configs */,
				0324A60028445BB10076AA0D /* Assets.xcassets */,
			);
			path = Resources;
			sourceTree = "<group>";
		};
		0324A63E28447A720076AA0D /* Configs */ = {
			isa = PBXGroup;
			children = (
				0324A63F28447A970076AA0D /* Main.template.xcconfig */,
				0324A64028447AA40076AA0D /* Main.xcconfig */,
			);
			path = Configs;
			sourceTree = "<group>";
		};
		0324A64128447E570076AA0D /* Localization */ = {
			isa = PBXGroup;
			children = (
				0324A64228447E680076AA0D /* en.strings */,
			);
			path = Localization;
			sourceTree = "<group>";
		};
		0324A64428447EA00076AA0D /* UI */ = {
			isa = PBXGroup;
			children = (
				0324A64528447EA40076AA0D /* Views */,
			);
			path = UI;
			sourceTree = "<group>";
		};
		0324A64528447EA40076AA0D /* Views */ = {
			isa = PBXGroup;
			children = (
				0324A64B284486890076AA0D /* Tweet List */,
				0324A64628447EAC0076AA0D /* Initial */,
			);
			path = Views;
			sourceTree = "<group>";
		};
		0324A64628447EAC0076AA0D /* Initial */ = {
			isa = PBXGroup;
			children = (
				0324A64728447EC10076AA0D /* InitialView.swift */,
				0324A64928447ECC0076AA0D /* InitialViewModel.swift */,
			);
			path = Initial;
			sourceTree = "<group>";
		};
		0324A64B284486890076AA0D /* Tweet List */ = {
			isa = PBXGroup;
			children = (
				0324A64C284486970076AA0D /* TweetListView.swift */,
				0324A64E284486A20076AA0D /* TweetListViewModel.swift */,
			);
			path = "Tweet List";
			sourceTree = "<group>";
		};
		73453E0B29BBFE1346E5137C /* Frameworks */ = {
			isa = PBXGroup;
			children = (
				5A13E12EE24A6F44E75244C5 /* Pods_Live_Tweets.framework */,
			);
			name = Frameworks;
			sourceTree = "<group>";
		};
		C8BB424E5D4A3F1ECA44165C /* Pods */ = {
			isa = PBXGroup;
			children = (
				DD7FC5375B24AC017C725293 /* Pods-Live Tweets.debug.xcconfig */,
				A6E5EF40AB1F29A4CD238163 /* Pods-Live Tweets.release.xcconfig */,
			);
			path = Pods;
			sourceTree = "<group>";
		};
/* End PBXGroup section */

/* Begin PBXNativeTarget section */
		0324A5F328445BAF0076AA0D /* Live Tweets */ = {
			isa = PBXNativeTarget;
			buildConfigurationList = 0324A60828445BB10076AA0D /* Build configuration list for PBXNativeTarget "Live Tweets" */;
			buildPhases = (
				21C0F2F371A332FE640F1C07 /* [CP] Check Pods Manifest.lock */,
				0324A5F028445BAF0076AA0D /* Sources */,
				0324A5F128445BAF0076AA0D /* Frameworks */,
				0324A5F228445BAF0076AA0D /* Resources */,
				83FA6554C44F4B16665921A1 /* [CP] Embed Pods Frameworks */,
			);
			buildRules = (
			);
			dependencies = (
			);
			name = "Live Tweets";
			productName = "Live Tweets";
			productReference = 0324A5F428445BAF0076AA0D /* Live Tweets.app */;
			productType = "com.apple.product-type.application";
		};
/* End PBXNativeTarget section */

/* Begin PBXProject section */
		0324A5EC28445BAE0076AA0D /* Project object */ = {
			isa = PBXProject;
			attributes = {
				BuildIndependentTargetsInParallel = 1;
				LastSwiftUpdateCheck = 1330;
				LastUpgradeCheck = 1330;
				TargetAttributes = {
					0324A5F328445BAF0076AA0D = {
						CreatedOnToolsVersion = 13.3;
					};
				};
			};
			buildConfigurationList = 0324A5EF28445BAE0076AA0D /* Build configuration list for PBXProject "Live Tweets" */;
			compatibilityVersion = "Xcode 13.0";
			developmentRegion = en;
			hasScannedForEncodings = 0;
			knownRegions = (
				en,
				Base,
			);
			mainGroup = 0324A5EB28445BAE0076AA0D;
			productRefGroup = 0324A5F528445BAF0076AA0D /* Products */;
			projectDirPath = "";
			projectRoot = "";
			targets = (
				0324A5F328445BAF0076AA0D /* Live Tweets */,
			);
		};
/* End PBXProject section */

/* Begin PBXResourcesBuildPhase section */
		0324A5F228445BAF0076AA0D /* Resources */ = {
			isa = PBXResourcesBuildPhase;
			buildActionMask = 2147483647;
			files = (
				0324A64328447E680076AA0D /* en.strings in Resources */,
				0324A60428445BB10076AA0D /* LaunchScreen.storyboard in Resources */,
				0324A60128445BB10076AA0D /* Assets.xcassets in Resources */,
			);
			runOnlyForDeploymentPostprocessing = 0;
		};
/* End PBXResourcesBuildPhase section */

/* Begin PBXShellScriptBuildPhase section */
		21C0F2F371A332FE640F1C07 /* [CP] Check Pods Manifest.lock */ = {
			isa = PBXShellScriptBuildPhase;
			buildActionMask = 2147483647;
			files = (
			);
			inputFileListPaths = (
			);
			inputPaths = (
				"${PODS_PODFILE_DIR_PATH}/Podfile.lock",
				"${PODS_ROOT}/Manifest.lock",
			);
			name = "[CP] Check Pods Manifest.lock";
			outputFileListPaths = (
			);
			outputPaths = (
				"$(DERIVED_FILE_DIR)/Pods-Live Tweets-checkManifestLockResult.txt",
			);
			runOnlyForDeploymentPostprocessing = 0;
			shellPath = /bin/sh;
			shellScript = "diff \"${PODS_PODFILE_DIR_PATH}/Podfile.lock\" \"${PODS_ROOT}/Manifest.lock\" > /dev/null\nif [ $? != 0 ] ; then\n    # print error to STDERR\n    echo \"error: The sandbox is not in sync with the Podfile.lock. Run 'pod install' or update your CocoaPods installation.\" >&2\n    exit 1\nfi\n# This output is used by Xcode 'outputs' to avoid re-running this script phase.\necho \"SUCCESS\" > \"${SCRIPT_OUTPUT_FILE_0}\"\n";
			showEnvVarsInLog = 0;
		};
		83FA6554C44F4B16665921A1 /* [CP] Embed Pods Frameworks */ = {
			isa = PBXShellScriptBuildPhase;
			buildActionMask = 2147483647;
			files = (
			);
			inputFileListPaths = (
				"${PODS_ROOT}/Target Support Files/Pods-Live Tweets/Pods-Live Tweets-frameworks-${CONFIGURATION}-input-files.xcfilelist",
			);
			name = "[CP] Embed Pods Frameworks";
			outputFileListPaths = (
				"${PODS_ROOT}/Target Support Files/Pods-Live Tweets/Pods-Live Tweets-frameworks-${CONFIGURATION}-output-files.xcfilelist",
			);
			runOnlyForDeploymentPostprocessing = 0;
			shellPath = /bin/sh;
			shellScript = "\"${PODS_ROOT}/Target Support Files/Pods-Live Tweets/Pods-Live Tweets-frameworks.sh\"\n";
			showEnvVarsInLog = 0;
		};
/* End PBXShellScriptBuildPhase section */

/* Begin PBXSourcesBuildPhase section */
		0324A5F028445BAF0076AA0D /* Sources */ = {
			isa = PBXSourcesBuildPhase;
			buildActionMask = 2147483647;
			files = (
				0324A64828447EC10076AA0D /* InitialView.swift in Sources */,
				0324A5F828445BAF0076AA0D /* AppDelegate.swift in Sources */,
				0324A62828446B500076AA0D /* Rules.swift in Sources */,
				0324A62528446AAF0076AA0D /* APIRulesService.swift in Sources */,
				0324A60D284463D20076AA0D /* HostingController.swift in Sources */,
				0324A6372844758D0076AA0D /* App+UIImage.swift in Sources */,
				0324A64F284486A20076AA0D /* TweetListViewModel.swift in Sources */,
				0324A64D284486970076AA0D /* TweetListView.swift in Sources */,
				0324A62E284474610076AA0D /* String+LocalizationParameters.swift in Sources */,
				0324A5FA28445BAF0076AA0D /* SceneDelegate.swift in Sources */,
				0324A635284475370076AA0D /* String+CamelToKebab.swift in Sources */,
				0324A633284475140076AA0D /* App+UIColor.swift in Sources */,
				0324A617284467420076AA0D /* Dependencies.swift in Sources */,
				0324A62C284471AA0076AA0D /* NavigationController.swift in Sources */,
				0324A62328446AAF0076AA0D /* LanguageService.swift in Sources */,
				0324A62A28446B6C0076AA0D /* EndPoint+APIMethod+Request.swift in Sources */,
				0324A619284467610076AA0D /* Service.swift in Sources */,
				0324A63C2844798E0076AA0D /* ViewProvider.swift in Sources */,
				0324A630284474D60076AA0D /* UIFont+Style.swift in Sources */,
				0324A61C284467D10076AA0D /* RxSwift+UserDefaults.swift in Sources */,
				0324A612284466410076AA0D /* Router.swift in Sources */,
				0324A60F284463F90076AA0D /* RootView.swift in Sources */,
				0324A6142844667D0076AA0D /* ViewModel.swift in Sources */,
				0324A63A2844786B0076AA0D /* FontStyle.swift in Sources */,
				0324A64A28447ECC0076AA0D /* InitialViewModel.swift in Sources */,
			);
			runOnlyForDeploymentPostprocessing = 0;
		};
/* End PBXSourcesBuildPhase section */

/* Begin PBXVariantGroup section */
		0324A60228445BB10076AA0D /* LaunchScreen.storyboard */ = {
			isa = PBXVariantGroup;
			children = (
				0324A60328445BB10076AA0D /* Base */,
			);
			name = LaunchScreen.storyboard;
			sourceTree = "<group>";
		};
/* End PBXVariantGroup section */

/* Begin XCBuildConfiguration section */
		0324A60628445BB10076AA0D /* Debug */ = {
			isa = XCBuildConfiguration;
			baseConfigurationReference = 0324A64028447AA40076AA0D /* Main.xcconfig */;
			buildSettings = {
				ALWAYS_SEARCH_USER_PATHS = NO;
				CLANG_ANALYZER_NONNULL = YES;
				CLANG_ANALYZER_NUMBER_OBJECT_CONVERSION = YES_AGGRESSIVE;
				CLANG_CXX_LANGUAGE_STANDARD = "gnu++17";
				CLANG_ENABLE_MODULES = YES;
				CLANG_ENABLE_OBJC_ARC = YES;
				CLANG_ENABLE_OBJC_WEAK = YES;
				CLANG_WARN_BLOCK_CAPTURE_AUTORELEASING = YES;
				CLANG_WARN_BOOL_CONVERSION = YES;
				CLANG_WARN_COMMA = YES;
				CLANG_WARN_CONSTANT_CONVERSION = YES;
				CLANG_WARN_DEPRECATED_OBJC_IMPLEMENTATIONS = YES;
				CLANG_WARN_DIRECT_OBJC_ISA_USAGE = YES_ERROR;
				CLANG_WARN_DOCUMENTATION_COMMENTS = YES;
				CLANG_WARN_EMPTY_BODY = YES;
				CLANG_WARN_ENUM_CONVERSION = YES;
				CLANG_WARN_INFINITE_RECURSION = YES;
				CLANG_WARN_INT_CONVERSION = YES;
				CLANG_WARN_NON_LITERAL_NULL_CONVERSION = YES;
				CLANG_WARN_OBJC_IMPLICIT_RETAIN_SELF = YES;
				CLANG_WARN_OBJC_LITERAL_CONVERSION = YES;
				CLANG_WARN_OBJC_ROOT_CLASS = YES_ERROR;
				CLANG_WARN_QUOTED_INCLUDE_IN_FRAMEWORK_HEADER = YES;
				CLANG_WARN_RANGE_LOOP_ANALYSIS = YES;
				CLANG_WARN_STRICT_PROTOTYPES = YES;
				CLANG_WARN_SUSPICIOUS_MOVE = YES;
				CLANG_WARN_UNGUARDED_AVAILABILITY = YES_AGGRESSIVE;
				CLANG_WARN_UNREACHABLE_CODE = YES;
				CLANG_WARN__DUPLICATE_METHOD_MATCH = YES;
				COPY_PHASE_STRIP = NO;
				DEBUG_INFORMATION_FORMAT = dwarf;
				ENABLE_STRICT_OBJC_MSGSEND = YES;
				ENABLE_TESTABILITY = YES;
				GCC_C_LANGUAGE_STANDARD = gnu11;
				GCC_DYNAMIC_NO_PIC = NO;
				GCC_NO_COMMON_BLOCKS = YES;
				GCC_OPTIMIZATION_LEVEL = 0;
				GCC_PREPROCESSOR_DEFINITIONS = (
					"DEBUG=1",
					"$(inherited)",
				);
				GCC_WARN_64_TO_32_BIT_CONVERSION = YES;
				GCC_WARN_ABOUT_RETURN_TYPE = YES_ERROR;
				GCC_WARN_UNDECLARED_SELECTOR = YES;
				GCC_WARN_UNINITIALIZED_AUTOS = YES_AGGRESSIVE;
				GCC_WARN_UNUSED_FUNCTION = YES;
				GCC_WARN_UNUSED_VARIABLE = YES;
				IPHONEOS_DEPLOYMENT_TARGET = 15.4;
				MTL_ENABLE_DEBUG_INFO = INCLUDE_SOURCE;
				MTL_FAST_MATH = YES;
				ONLY_ACTIVE_ARCH = YES;
				SDKROOT = iphoneos;
				SWIFT_ACTIVE_COMPILATION_CONDITIONS = DEBUG;
				SWIFT_OPTIMIZATION_LEVEL = "-Onone";
			};
			name = Debug;
		};
		0324A60728445BB10076AA0D /* Release */ = {
			isa = XCBuildConfiguration;
			baseConfigurationReference = 0324A64028447AA40076AA0D /* Main.xcconfig */;
			buildSettings = {
				ALWAYS_SEARCH_USER_PATHS = NO;
				CLANG_ANALYZER_NONNULL = YES;
				CLANG_ANALYZER_NUMBER_OBJECT_CONVERSION = YES_AGGRESSIVE;
				CLANG_CXX_LANGUAGE_STANDARD = "gnu++17";
				CLANG_ENABLE_MODULES = YES;
				CLANG_ENABLE_OBJC_ARC = YES;
				CLANG_ENABLE_OBJC_WEAK = YES;
				CLANG_WARN_BLOCK_CAPTURE_AUTORELEASING = YES;
				CLANG_WARN_BOOL_CONVERSION = YES;
				CLANG_WARN_COMMA = YES;
				CLANG_WARN_CONSTANT_CONVERSION = YES;
				CLANG_WARN_DEPRECATED_OBJC_IMPLEMENTATIONS = YES;
				CLANG_WARN_DIRECT_OBJC_ISA_USAGE = YES_ERROR;
				CLANG_WARN_DOCUMENTATION_COMMENTS = YES;
				CLANG_WARN_EMPTY_BODY = YES;
				CLANG_WARN_ENUM_CONVERSION = YES;
				CLANG_WARN_INFINITE_RECURSION = YES;
				CLANG_WARN_INT_CONVERSION = YES;
				CLANG_WARN_NON_LITERAL_NULL_CONVERSION = YES;
				CLANG_WARN_OBJC_IMPLICIT_RETAIN_SELF = YES;
				CLANG_WARN_OBJC_LITERAL_CONVERSION = YES;
				CLANG_WARN_OBJC_ROOT_CLASS = YES_ERROR;
				CLANG_WARN_QUOTED_INCLUDE_IN_FRAMEWORK_HEADER = YES;
				CLANG_WARN_RANGE_LOOP_ANALYSIS = YES;
				CLANG_WARN_STRICT_PROTOTYPES = YES;
				CLANG_WARN_SUSPICIOUS_MOVE = YES;
				CLANG_WARN_UNGUARDED_AVAILABILITY = YES_AGGRESSIVE;
				CLANG_WARN_UNREACHABLE_CODE = YES;
				CLANG_WARN__DUPLICATE_METHOD_MATCH = YES;
				COPY_PHASE_STRIP = NO;
				DEBUG_INFORMATION_FORMAT = "dwarf-with-dsym";
				ENABLE_NS_ASSERTIONS = NO;
				ENABLE_STRICT_OBJC_MSGSEND = YES;
				GCC_C_LANGUAGE_STANDARD = gnu11;
				GCC_NO_COMMON_BLOCKS = YES;
				GCC_WARN_64_TO_32_BIT_CONVERSION = YES;
				GCC_WARN_ABOUT_RETURN_TYPE = YES_ERROR;
				GCC_WARN_UNDECLARED_SELECTOR = YES;
				GCC_WARN_UNINITIALIZED_AUTOS = YES_AGGRESSIVE;
				GCC_WARN_UNUSED_FUNCTION = YES;
				GCC_WARN_UNUSED_VARIABLE = YES;
				IPHONEOS_DEPLOYMENT_TARGET = 15.4;
				MTL_ENABLE_DEBUG_INFO = NO;
				MTL_FAST_MATH = YES;
				SDKROOT = iphoneos;
				SWIFT_COMPILATION_MODE = wholemodule;
				SWIFT_OPTIMIZATION_LEVEL = "-O";
				VALIDATE_PRODUCT = YES;
			};
			name = Release;
		};
		0324A60928445BB10076AA0D /* Debug */ = {
			isa = XCBuildConfiguration;
			baseConfigurationReference = DD7FC5375B24AC017C725293 /* Pods-Live Tweets.debug.xcconfig */;
			buildSettings = {
				ASSETCATALOG_COMPILER_APPICON_NAME = AppIcon;
				ASSETCATALOG_COMPILER_GLOBAL_ACCENT_COLOR_NAME = AccentColor;
				CODE_SIGN_STYLE = Automatic;
				CURRENT_PROJECT_VERSION = 1;
				DEVELOPMENT_TEAM = K28CHP3P99;
				GENERATE_INFOPLIST_FILE = YES;
				INFOPLIST_FILE = "Live Tweets/Info.plist";
				INFOPLIST_KEY_UIApplicationSupportsIndirectInputEvents = YES;
				INFOPLIST_KEY_UILaunchStoryboardName = LaunchScreen;
				INFOPLIST_KEY_UIMainStoryboardFile = Main;
				INFOPLIST_KEY_UISupportedInterfaceOrientations_iPad = "UIInterfaceOrientationPortrait UIInterfaceOrientationPortraitUpsideDown UIInterfaceOrientationLandscapeLeft UIInterfaceOrientationLandscapeRight";
				INFOPLIST_KEY_UISupportedInterfaceOrientations_iPhone = "UIInterfaceOrientationPortrait UIInterfaceOrientationLandscapeLeft UIInterfaceOrientationLandscapeRight";
				LD_RUNPATH_SEARCH_PATHS = (
					"$(inherited)",
					"@executable_path/Frameworks",
				);
				MARKETING_VERSION = 1.0;
				PRODUCT_BUNDLE_IDENTIFIER = "com.snapp.Live-Tweets";
				PRODUCT_NAME = "$(TARGET_NAME)";
				SWIFT_EMIT_LOC_STRINGS = YES;
				SWIFT_VERSION = 5.0;
				TARGETED_DEVICE_FAMILY = "1,2";
			};
			name = Debug;
		};
		0324A60A28445BB10076AA0D /* Release */ = {
			isa = XCBuildConfiguration;
			baseConfigurationReference = A6E5EF40AB1F29A4CD238163 /* Pods-Live Tweets.release.xcconfig */;
			buildSettings = {
				ASSETCATALOG_COMPILER_APPICON_NAME = AppIcon;
				ASSETCATALOG_COMPILER_GLOBAL_ACCENT_COLOR_NAME = AccentColor;
				CODE_SIGN_STYLE = Automatic;
				CURRENT_PROJECT_VERSION = 1;
				DEVELOPMENT_TEAM = K28CHP3P99;
				GENERATE_INFOPLIST_FILE = YES;
				INFOPLIST_FILE = "Live Tweets/Info.plist";
				INFOPLIST_KEY_UIApplicationSupportsIndirectInputEvents = YES;
				INFOPLIST_KEY_UILaunchStoryboardName = LaunchScreen;
				INFOPLIST_KEY_UIMainStoryboardFile = Main;
				INFOPLIST_KEY_UISupportedInterfaceOrientations_iPad = "UIInterfaceOrientationPortrait UIInterfaceOrientationPortraitUpsideDown UIInterfaceOrientationLandscapeLeft UIInterfaceOrientationLandscapeRight";
				INFOPLIST_KEY_UISupportedInterfaceOrientations_iPhone = "UIInterfaceOrientationPortrait UIInterfaceOrientationLandscapeLeft UIInterfaceOrientationLandscapeRight";
				LD_RUNPATH_SEARCH_PATHS = (
					"$(inherited)",
					"@executable_path/Frameworks",
				);
				MARKETING_VERSION = 1.0;
				PRODUCT_BUNDLE_IDENTIFIER = "com.snapp.Live-Tweets";
				PRODUCT_NAME = "$(TARGET_NAME)";
				SWIFT_EMIT_LOC_STRINGS = YES;
				SWIFT_VERSION = 5.0;
				TARGETED_DEVICE_FAMILY = "1,2";
			};
			name = Release;
		};
/* End XCBuildConfiguration section */

/* Begin XCConfigurationList section */
		0324A5EF28445BAE0076AA0D /* Build configuration list for PBXProject "Live Tweets" */ = {
			isa = XCConfigurationList;
			buildConfigurations = (
				0324A60628445BB10076AA0D /* Debug */,
				0324A60728445BB10076AA0D /* Release */,
			);
			defaultConfigurationIsVisible = 0;
			defaultConfigurationName = Release;
		};
		0324A60828445BB10076AA0D /* Build configuration list for PBXNativeTarget "Live Tweets" */ = {
			isa = XCConfigurationList;
			buildConfigurations = (
				0324A60928445BB10076AA0D /* Debug */,
				0324A60A28445BB10076AA0D /* Release */,
			);
			defaultConfigurationIsVisible = 0;
			defaultConfigurationName = Release;
		};
/* End XCConfigurationList section */
	};
	rootObject = 0324A5EC28445BAE0076AA0D /* Project object */;
}
